
Microsoft Visual Studio Solution File, Format Version 12.00
# Visual Studio 14
VisualStudioVersion = 14.0.24720.0
MinimumVisualStudioVersion = 10.0.40219.1
Project("{FAE04EC0-301F-11D3-BF4B-00C04F79EFBC}") = "DocumentDb", "DocumentDb\DocumentDb.csproj", "{FD401DAF-74FA-401B-8C82-FDE99282281A}"
EndProject
Project("{FAE04EC0-301F-11D3-BF4B-00C04F79EFBC}") = "DataLayer", "DataLayer\DataLayer.csproj", "{3E6D8386-7F13-4E3D-86CB-2CE7F483BA53}"
EndProject
Project("{FAE04EC0-301F-11D3-BF4B-00C04F79EFBC}") = "Common", "Common\Common.csproj", "{05655E26-295C-4ACE-94AC-B132A7D7A36E}"
EndProject
Global
	GlobalSection(Performance) = preSolution
		HasPerformanceSessions = true
	EndGlobalSection
	GlobalSection(SolutionConfigurationPlatforms) = preSolution
		Debug|Any CPU = Debug|Any CPU
		Release|Any CPU = Release|Any CPU
	EndGlobalSection
	GlobalSection(ProjectConfigurationPlatforms) = postSolution
		{FD401DAF-74FA-401B-8C82-FDE99282281A}.Debug|Any CPU.ActiveCfg = Debug|Any CPU
		{FD401DAF-74FA-401B-8C82-FDE99282281A}.Debug|Any CPU.Build.0 = Debug|Any CPU
		{FD401DAF-74FA-401B-8C82-FDE99282281A}.Release|Any CPU.ActiveCfg = Release|Any CPU
		{FD401DAF-74FA-401B-8C82-FDE99282281A}.Release|Any CPU.Build.0 = Release|Any CPU
		{3E6D8386-7F13-4E3D-86CB-2CE7F483BA53}.Debug|Any CPU.ActiveCfg = Debug|Any CPU
		{3E6D8386-7F13-4E3D-86CB-2CE7F483BA53}.Debug|Any CPU.Build.0 = Debug|Any CPU
		{3E6D8386-7F13-4E3D-86CB-2CE7F483BA53}.Release|Any CPU.ActiveCfg = Release|Any CPU
		{3E6D8386-7F13-4E3D-86CB-2CE7F483BA53}.Release|Any CPU.Build.0 = Release|Any CPU
		{05655E26-295C-4ACE-94AC-B132A7D7A36E}.Debug|Any CPU.ActiveCfg = Debug|Any CPU
		{05655E26-295C-4ACE-94AC-B132A7D7A36E}.Debug|Any CPU.Build.0 = Debug|Any CPU
		{05655E26-295C-4ACE-94AC-B132A7D7A36E}.Release|Any CPU.ActiveCfg = Release|Any CPU
		{05655E26-295C-4ACE-94AC-B132A7D7A36E}.Release|Any CPU.Build.0 = Release|Any CPU
	EndGlobalSection
	GlobalSection(SolutionProperties) = preSolution
		HideSolutionNode = FALSE
	EndGlobalSection
EndGlobal
